// !$*UTF8*$!
{
	archiveVersion = 1;
	classes = {
	};
	objectVersion = 46;
	objects = {

/* Begin PBXBuildFile section */
		3E9C8299355F176065F81132 /* Pods_GithubSearch.framework in Frameworks */ = {isa = PBXBuildFile; fileRef = 80673F0EE0EE2DE2C4E07B85 /* Pods_GithubSearch.framework */; };
		F8E165F5ECABF5C6E70CB61E /* Pods_GSToday.framework in Frameworks */ = {isa = PBXBuildFile; fileRef = 484357BD993E719AB8EBFA23 /* Pods_GSToday.framework */; };
		FB1F61C91E04842E00AFED87 /* UserApi.swift in Sources */ = {isa = PBXBuildFile; fileRef = FB1F61C81E04842E00AFED87 /* UserApi.swift */; };
		FB1F61CB1E04A2B300AFED87 /* FetchedUsers.swift in Sources */ = {isa = PBXBuildFile; fileRef = FB1F61CA1E04A2B300AFED87 /* FetchedUsers.swift */; };
		FB1F61CD1E04C60200AFED87 /* GitHubBasicUser.swift in Sources */ = {isa = PBXBuildFile; fileRef = FB1F61CC1E04C60200AFED87 /* GitHubBasicUser.swift */; };
		FB1F61E41E058CDA00AFED87 /* UIImageExtension.swift in Sources */ = {isa = PBXBuildFile; fileRef = FB1F61E31E058CDA00AFED87 /* UIImageExtension.swift */; };
		FB5292701E06FDCB00230BAC /* GlobalConstants.swift in Sources */ = {isa = PBXBuildFile; fileRef = FB52926F1E06FDCB00230BAC /* GlobalConstants.swift */; };
		FB5292781E072EE900230BAC /* UsersFooterView.swift in Sources */ = {isa = PBXBuildFile; fileRef = FB5292771E072EE900230BAC /* UsersFooterView.swift */; };
		FB52927A1E072F4D00230BAC /* UsersFooterView.xib in Resources */ = {isa = PBXBuildFile; fileRef = FB5292791E072F4D00230BAC /* UsersFooterView.xib */; };
		FB52927C1E07353800230BAC /* UIViewExtension.swift in Sources */ = {isa = PBXBuildFile; fileRef = FB52927B1E07353800230BAC /* UIViewExtension.swift */; };
		FB52927E1E074F3F00230BAC /* GitHubDetailedUser.swift in Sources */ = {isa = PBXBuildFile; fileRef = FB52927D1E074F3F00230BAC /* GitHubDetailedUser.swift */; };
		FB5292801E07587000230BAC /* UserDetailsViewController.swift in Sources */ = {isa = PBXBuildFile; fileRef = FB52927F1E07587000230BAC /* UserDetailsViewController.swift */; };
		FB5292821E076E9E00230BAC /* UIAlertControllerExtension.swift in Sources */ = {isa = PBXBuildFile; fileRef = FB5292811E076E9E00230BAC /* UIAlertControllerExtension.swift */; };
		FB5292891E07756100230BAC /* NotificationCenter.framework in Frameworks */ = {isa = PBXBuildFile; fileRef = FB5292881E07756100230BAC /* NotificationCenter.framework */; };
		FB52928C1E07756100230BAC /* TodayViewController.swift in Sources */ = {isa = PBXBuildFile; fileRef = FB52928B1E07756100230BAC /* TodayViewController.swift */; };
		FB52928F1E07756100230BAC /* MainInterface.storyboard in Resources */ = {isa = PBXBuildFile; fileRef = FB52928D1E07756100230BAC /* MainInterface.storyboard */; };
		FB5292931E07756100230BAC /* GSToday.appex in Embed App Extensions */ = {isa = PBXBuildFile; fileRef = FB5292871E07756100230BAC /* GSToday.appex */; settings = {ATTRIBUTES = (RemoveHeadersOnCopy, ); }; };
		FB52929A1E077D7800230BAC /* Alamofire.framework in Frameworks */ = {isa = PBXBuildFile; fileRef = FB5292981E077D7800230BAC /* Alamofire.framework */; };
		FB52929B1E077D7800230BAC /* AlamofireImage.framework in Frameworks */ = {isa = PBXBuildFile; fileRef = FB5292991E077D7800230BAC /* AlamofireImage.framework */; };
		FB52929E1E077FAB00230BAC /* DataManager.swift in Sources */ = {isa = PBXBuildFile; fileRef = FB52929D1E077FAB00230BAC /* DataManager.swift */; };
		FB52929F1E07841000230BAC /* DataManager.swift in Sources */ = {isa = PBXBuildFile; fileRef = FB52929D1E077FAB00230BAC /* DataManager.swift */; };
		FB5292A01E07843900230BAC /* GlobalConstants.swift in Sources */ = {isa = PBXBuildFile; fileRef = FB52926F1E06FDCB00230BAC /* GlobalConstants.swift */; };
		FB5292A11E0788DE00230BAC /* UIImageExtension.swift in Sources */ = {isa = PBXBuildFile; fileRef = FB1F61E31E058CDA00AFED87 /* UIImageExtension.swift */; };
		FB5292A31E078B1B00230BAC /* CollectionExtension.swift in Sources */ = {isa = PBXBuildFile; fileRef = FB5292A21E078B1B00230BAC /* CollectionExtension.swift */; };
		FBC19C201E04477D00E48494 /* Assets.xcassets in Resources */ = {isa = PBXBuildFile; fileRef = FBC19C111E04477D00E48494 /* Assets.xcassets */; };
		FBC19C211E04477D00E48494 /* UsersTableViewController.swift in Sources */ = {isa = PBXBuildFile; fileRef = FBC19C131E04477D00E48494 /* UsersTableViewController.swift */; };
		FBC19C221E04477D00E48494 /* AppDelegate.swift in Sources */ = {isa = PBXBuildFile; fileRef = FBC19C181E04477D00E48494 /* AppDelegate.swift */; };
		FBC19C241E04477D00E48494 /* LaunchScreen.storyboard in Resources */ = {isa = PBXBuildFile; fileRef = FBC19C1C1E04477D00E48494 /* LaunchScreen.storyboard */; };
		FBC19C251E04477D00E48494 /* Main.storyboard in Resources */ = {isa = PBXBuildFile; fileRef = FBC19C1E1E04477D00E48494 /* Main.storyboard */; };
		FBC19C291E046A6F00E48494 /* UserTableViewCell.swift in Sources */ = {isa = PBXBuildFile; fileRef = FBC19C281E046A6F00E48494 /* UserTableViewCell.swift */; };
		FBC19C2B1E046EC000E48494 /* UserTableViewCell.xib in Resources */ = {isa = PBXBuildFile; fileRef = FBC19C2A1E046EC000E48494 /* UserTableViewCell.xib */; };
		FBC19C2E1E047CDA00E48494 /* UserRouter.swift in Sources */ = {isa = PBXBuildFile; fileRef = FBC19C2D1E047CDA00E48494 /* UserRouter.swift */; };
/* End PBXBuildFile section */

/* Begin PBXContainerItemProxy section */
		FB5292911E07756100230BAC /* PBXContainerItemProxy */ = {
			isa = PBXContainerItemProxy;
			containerPortal = FBC19BDD1E042A9500E48494 /* Project object */;
			proxyType = 1;
			remoteGlobalIDString = FB5292861E07756100230BAC;
			remoteInfo = GSToday;
		};
/* End PBXContainerItemProxy section */

/* Begin PBXCopyFilesBuildPhase section */
		FB5292971E07756100230BAC /* Embed App Extensions */ = {
			isa = PBXCopyFilesBuildPhase;
			buildActionMask = 2147483647;
			dstPath = "";
			dstSubfolderSpec = 13;
			files = (
				FB5292931E07756100230BAC /* GSToday.appex in Embed App Extensions */,
			);
			name = "Embed App Extensions";
			runOnlyForDeploymentPostprocessing = 0;
		};
/* End PBXCopyFilesBuildPhase section */

/* Begin PBXFileReference section */
		023932B48D5FAC6AAA6921FA /* Pods-GSToday.release.xcconfig */ = {isa = PBXFileReference; includeInIndex = 1; lastKnownFileType = text.xcconfig; name = "Pods-GSToday.release.xcconfig"; path = "Pods/Target Support Files/Pods-GSToday/Pods-GSToday.release.xcconfig"; sourceTree = "<group>"; };
		0D50C55F565225A0EFD155E8 /* Pods-GSToday.debug.xcconfig */ = {isa = PBXFileReference; includeInIndex = 1; lastKnownFileType = text.xcconfig; name = "Pods-GSToday.debug.xcconfig"; path = "Pods/Target Support Files/Pods-GSToday/Pods-GSToday.debug.xcconfig"; sourceTree = "<group>"; };
		484357BD993E719AB8EBFA23 /* Pods_GSToday.framework */ = {isa = PBXFileReference; explicitFileType = wrapper.framework; includeInIndex = 0; path = Pods_GSToday.framework; sourceTree = BUILT_PRODUCTS_DIR; };
		5D2784B77744FEACB291F8F9 /* Pods-GithubSearch.release.xcconfig */ = {isa = PBXFileReference; includeInIndex = 1; lastKnownFileType = text.xcconfig; name = "Pods-GithubSearch.release.xcconfig"; path = "Pods/Target Support Files/Pods-GithubSearch/Pods-GithubSearch.release.xcconfig"; sourceTree = "<group>"; };
		80673F0EE0EE2DE2C4E07B85 /* Pods_GithubSearch.framework */ = {isa = PBXFileReference; explicitFileType = wrapper.framework; includeInIndex = 0; path = Pods_GithubSearch.framework; sourceTree = BUILT_PRODUCTS_DIR; };
		94AF53E3D7830256FD3CC93E /* Pods-GithubSearch.debug.xcconfig */ = {isa = PBXFileReference; includeInIndex = 1; lastKnownFileType = text.xcconfig; name = "Pods-GithubSearch.debug.xcconfig"; path = "Pods/Target Support Files/Pods-GithubSearch/Pods-GithubSearch.debug.xcconfig"; sourceTree = "<group>"; };
		FB1F61C81E04842E00AFED87 /* UserApi.swift */ = {isa = PBXFileReference; fileEncoding = 4; lastKnownFileType = sourcecode.swift; path = UserApi.swift; sourceTree = "<group>"; };
		FB1F61CA1E04A2B300AFED87 /* FetchedUsers.swift */ = {isa = PBXFileReference; fileEncoding = 4; lastKnownFileType = sourcecode.swift; path = FetchedUsers.swift; sourceTree = "<group>"; };
		FB1F61CC1E04C60200AFED87 /* GitHubBasicUser.swift */ = {isa = PBXFileReference; fileEncoding = 4; lastKnownFileType = sourcecode.swift; path = GitHubBasicUser.swift; sourceTree = "<group>"; };
		FB1F61E31E058CDA00AFED87 /* UIImageExtension.swift */ = {isa = PBXFileReference; fileEncoding = 4; lastKnownFileType = sourcecode.swift; path = UIImageExtension.swift; sourceTree = "<group>"; };
		FB52926F1E06FDCB00230BAC /* GlobalConstants.swift */ = {isa = PBXFileReference; fileEncoding = 4; lastKnownFileType = sourcecode.swift; path = GlobalConstants.swift; sourceTree = "<group>"; };
		FB5292771E072EE900230BAC /* UsersFooterView.swift */ = {isa = PBXFileReference; fileEncoding = 4; lastKnownFileType = sourcecode.swift; path = UsersFooterView.swift; sourceTree = "<group>"; };
		FB5292791E072F4D00230BAC /* UsersFooterView.xib */ = {isa = PBXFileReference; fileEncoding = 4; lastKnownFileType = file.xib; path = UsersFooterView.xib; sourceTree = "<group>"; };
		FB52927B1E07353800230BAC /* UIViewExtension.swift */ = {isa = PBXFileReference; fileEncoding = 4; lastKnownFileType = sourcecode.swift; path = UIViewExtension.swift; sourceTree = "<group>"; };
		FB52927D1E074F3F00230BAC /* GitHubDetailedUser.swift */ = {isa = PBXFileReference; fileEncoding = 4; lastKnownFileType = sourcecode.swift; path = GitHubDetailedUser.swift; sourceTree = "<group>"; };
		FB52927F1E07587000230BAC /* UserDetailsViewController.swift */ = {isa = PBXFileReference; fileEncoding = 4; lastKnownFileType = sourcecode.swift; path = UserDetailsViewController.swift; sourceTree = "<group>"; };
		FB5292811E076E9E00230BAC /* UIAlertControllerExtension.swift */ = {isa = PBXFileReference; fileEncoding = 4; lastKnownFileType = sourcecode.swift; path = UIAlertControllerExtension.swift; sourceTree = "<group>"; };
		FB5292871E07756100230BAC /* GSToday.appex */ = {isa = PBXFileReference; explicitFileType = "wrapper.app-extension"; includeInIndex = 0; path = GSToday.appex; sourceTree = BUILT_PRODUCTS_DIR; };
		FB5292881E07756100230BAC /* NotificationCenter.framework */ = {isa = PBXFileReference; lastKnownFileType = wrapper.framework; name = NotificationCenter.framework; path = System/Library/Frameworks/NotificationCenter.framework; sourceTree = SDKROOT; };
		FB52928B1E07756100230BAC /* TodayViewController.swift */ = {isa = PBXFileReference; lastKnownFileType = sourcecode.swift; path = TodayViewController.swift; sourceTree = "<group>"; };
		FB52928E1E07756100230BAC /* Base */ = {isa = PBXFileReference; lastKnownFileType = file.storyboard; name = Base; path = Base.lproj/MainInterface.storyboard; sourceTree = "<group>"; };
		FB5292901E07756100230BAC /* Info.plist */ = {isa = PBXFileReference; lastKnownFileType = text.plist.xml; path = Info.plist; sourceTree = "<group>"; };
		FB5292981E077D7800230BAC /* Alamofire.framework */ = {isa = PBXFileReference; lastKnownFileType = wrapper.framework; name = Alamofire.framework; path = "../../../../Library/Developer/Xcode/DerivedData/GithubSearch-fwfjfxhnydjxdxgovdvmzfcihrfk/Build/Products/Debug-iphonesimulator/Alamofire/Alamofire.framework"; sourceTree = "<group>"; };
		FB5292991E077D7800230BAC /* AlamofireImage.framework */ = {isa = PBXFileReference; lastKnownFileType = wrapper.framework; name = AlamofireImage.framework; path = "../../../../Library/Developer/Xcode/DerivedData/GithubSearch-fwfjfxhnydjxdxgovdvmzfcihrfk/Build/Products/Debug-iphonesimulator/AlamofireImage/AlamofireImage.framework"; sourceTree = "<group>"; };
		FB52929C1E077EB500230BAC /* GSToday.entitlements */ = {isa = PBXFileReference; lastKnownFileType = text.plist.entitlements; path = GSToday.entitlements; sourceTree = "<group>"; };
		FB52929D1E077FAB00230BAC /* DataManager.swift */ = {isa = PBXFileReference; fileEncoding = 4; lastKnownFileType = sourcecode.swift; path = DataManager.swift; sourceTree = "<group>"; };
		FB5292A21E078B1B00230BAC /* CollectionExtension.swift */ = {isa = PBXFileReference; fileEncoding = 4; lastKnownFileType = sourcecode.swift; path = CollectionExtension.swift; sourceTree = "<group>"; };
		FB5292A41E078DA600230BAC /* GithubSearch.entitlements */ = {isa = PBXFileReference; lastKnownFileType = text.plist.entitlements; name = GithubSearch.entitlements; path = ../GithubSearch.entitlements; sourceTree = "<group>"; };
		FBC19BE51E042A9500E48494 /* GithubSearch.app */ = {isa = PBXFileReference; explicitFileType = wrapper.application; includeInIndex = 0; path = GithubSearch.app; sourceTree = BUILT_PRODUCTS_DIR; };
		FBC19C111E04477D00E48494 /* Assets.xcassets */ = {isa = PBXFileReference; lastKnownFileType = folder.assetcatalog; path = Assets.xcassets; sourceTree = "<group>"; };
		FBC19C131E04477D00E48494 /* UsersTableViewController.swift */ = {isa = PBXFileReference; fileEncoding = 4; lastKnownFileType = sourcecode.swift; path = UsersTableViewController.swift; sourceTree = "<group>"; };
		FBC19C181E04477D00E48494 /* AppDelegate.swift */ = {isa = PBXFileReference; fileEncoding = 4; lastKnownFileType = sourcecode.swift; path = AppDelegate.swift; sourceTree = "<group>"; };
		FBC19C191E04477D00E48494 /* Info.plist */ = {isa = PBXFileReference; fileEncoding = 4; lastKnownFileType = text.plist.xml; path = Info.plist; sourceTree = "<group>"; };
		FBC19C1D1E04477D00E48494 /* Base */ = {isa = PBXFileReference; lastKnownFileType = file.storyboard; name = Base; path = Base.lproj/LaunchScreen.storyboard; sourceTree = "<group>"; };
		FBC19C1F1E04477D00E48494 /* Base */ = {isa = PBXFileReference; lastKnownFileType = file.storyboard; name = Base; path = Base.lproj/Main.storyboard; sourceTree = "<group>"; };
		FBC19C281E046A6F00E48494 /* UserTableViewCell.swift */ = {isa = PBXFileReference; fileEncoding = 4; lastKnownFileType = sourcecode.swift; path = UserTableViewCell.swift; sourceTree = "<group>"; };
		FBC19C2A1E046EC000E48494 /* UserTableViewCell.xib */ = {isa = PBXFileReference; fileEncoding = 4; lastKnownFileType = file.xib; path = UserTableViewCell.xib; sourceTree = "<group>"; };
		FBC19C2D1E047CDA00E48494 /* UserRouter.swift */ = {isa = PBXFileReference; fileEncoding = 4; lastKnownFileType = sourcecode.swift; path = UserRouter.swift; sourceTree = "<group>"; };
/* End PBXFileReference section */

/* Begin PBXFrameworksBuildPhase section */
		FB5292841E07756100230BAC /* Frameworks */ = {
			isa = PBXFrameworksBuildPhase;
			buildActionMask = 2147483647;
			files = (
				FB52929A1E077D7800230BAC /* Alamofire.framework in Frameworks */,
				FB52929B1E077D7800230BAC /* AlamofireImage.framework in Frameworks */,
				FB5292891E07756100230BAC /* NotificationCenter.framework in Frameworks */,
				F8E165F5ECABF5C6E70CB61E /* Pods_GSToday.framework in Frameworks */,
			);
			runOnlyForDeploymentPostprocessing = 0;
		};
		FBC19BE21E042A9500E48494 /* Frameworks */ = {
			isa = PBXFrameworksBuildPhase;
			buildActionMask = 2147483647;
			files = (
				3E9C8299355F176065F81132 /* Pods_GithubSearch.framework in Frameworks */,
			);
			runOnlyForDeploymentPostprocessing = 0;
		};
/* End PBXFrameworksBuildPhase section */

/* Begin PBXGroup section */
		292B03277F8FB4EE829596E4 /* Frameworks */ = {
			isa = PBXGroup;
			children = (
				FB5292981E077D7800230BAC /* Alamofire.framework */,
				FB5292991E077D7800230BAC /* AlamofireImage.framework */,
				80673F0EE0EE2DE2C4E07B85 /* Pods_GithubSearch.framework */,
				FB5292881E07756100230BAC /* NotificationCenter.framework */,
				484357BD993E719AB8EBFA23 /* Pods_GSToday.framework */,
			);
			name = Frameworks;
			sourceTree = "<group>";
		};
		C9AB15C0A6502852FA1C62DF /* Pods */ = {
			isa = PBXGroup;
			children = (
				94AF53E3D7830256FD3CC93E /* Pods-GithubSearch.debug.xcconfig */,
				5D2784B77744FEACB291F8F9 /* Pods-GithubSearch.release.xcconfig */,
				0D50C55F565225A0EFD155E8 /* Pods-GSToday.debug.xcconfig */,
				023932B48D5FAC6AAA6921FA /* Pods-GSToday.release.xcconfig */,
			);
			name = Pods;
			sourceTree = "<group>";
		};
		FB1F61C71E04841F00AFED87 /* API */ = {
			isa = PBXGroup;
			children = (
				FB1F61C81E04842E00AFED87 /* UserApi.swift */,
			);
			path = API;
			sourceTree = "<group>";
		};
		FB52926E1E06FDB900230BAC /* Utilities */ = {
			isa = PBXGroup;
			children = (
				FB52926F1E06FDCB00230BAC /* GlobalConstants.swift */,
				FB52929D1E077FAB00230BAC /* DataManager.swift */,
			);
			path = Utilities;
			sourceTree = "<group>";
		};
		FB5292761E071B0A00230BAC /* FooterView */ = {
			isa = PBXGroup;
			children = (
				FB5292771E072EE900230BAC /* UsersFooterView.swift */,
				FB5292791E072F4D00230BAC /* UsersFooterView.xib */,
			);
			name = FooterView;
			path = GithubSearch/View/FooterView;
			sourceTree = SOURCE_ROOT;
		};
		FB52928A1E07756100230BAC /* GSToday */ = {
			isa = PBXGroup;
			children = (
				FB52929C1E077EB500230BAC /* GSToday.entitlements */,
				FB52928B1E07756100230BAC /* TodayViewController.swift */,
				FB52928D1E07756100230BAC /* MainInterface.storyboard */,
				FB5292901E07756100230BAC /* Info.plist */,
			);
			path = GSToday;
			sourceTree = "<group>";
		};
		FBC19BDC1E042A9500E48494 = {
			isa = PBXGroup;
			children = (
				FBC19C0F1E04477D00E48494 /* GithubSearch */,
				FB52928A1E07756100230BAC /* GSToday */,
				FBC19BE61E042A9500E48494 /* Products */,
				C9AB15C0A6502852FA1C62DF /* Pods */,
				292B03277F8FB4EE829596E4 /* Frameworks */,
			);
			sourceTree = "<group>";
		};
		FBC19BE61E042A9500E48494 /* Products */ = {
			isa = PBXGroup;
			children = (
				FBC19BE51E042A9500E48494 /* GithubSearch.app */,
				FB5292871E07756100230BAC /* GSToday.appex */,
			);
			name = Products;
			sourceTree = "<group>";
		};
		FBC19C0F1E04477D00E48494 /* GithubSearch */ = {
			isa = PBXGroup;
			children = (
				FBC19C151E04477D00E48494 /* Model */,
				FBC19C121E04477D00E48494 /* Controler */,
				FBC19C1A1E04477D00E48494 /* View */,
				FBC19C141E04477D00E48494 /* Extension */,
				FBC19C161E04477D00E48494 /* Networking */,
				FB52926E1E06FDB900230BAC /* Utilities */,
				FBC19C171E04477D00E48494 /* Supporting */,
				FBC19C101E04477D00E48494 /* Assets */,
			);
			path = GithubSearch;
			sourceTree = "<group>";
		};
		FBC19C101E04477D00E48494 /* Assets */ = {
			isa = PBXGroup;
			children = (
				FBC19C111E04477D00E48494 /* Assets.xcassets */,
			);
			path = Assets;
			sourceTree = "<group>";
		};
		FBC19C121E04477D00E48494 /* Controler */ = {
			isa = PBXGroup;
			children = (
				FBC19C131E04477D00E48494 /* UsersTableViewController.swift */,
				FB52927F1E07587000230BAC /* UserDetailsViewController.swift */,
			);
			path = Controler;
			sourceTree = "<group>";
		};
		FBC19C141E04477D00E48494 /* Extension */ = {
			isa = PBXGroup;
			children = (
				FB1F61E31E058CDA00AFED87 /* UIImageExtension.swift */,
				FB52927B1E07353800230BAC /* UIViewExtension.swift */,
				FB5292811E076E9E00230BAC /* UIAlertControllerExtension.swift */,
				FB5292A21E078B1B00230BAC /* CollectionExtension.swift */,
			);
			path = Extension;
			sourceTree = "<group>";
		};
		FBC19C151E04477D00E48494 /* Model */ = {
			isa = PBXGroup;
			children = (
				FB1F61CA1E04A2B300AFED87 /* FetchedUsers.swift */,
				FB1F61CC1E04C60200AFED87 /* GitHubBasicUser.swift */,
				FB52927D1E074F3F00230BAC /* GitHubDetailedUser.swift */,
			);
			path = Model;
			sourceTree = "<group>";
		};
		FBC19C161E04477D00E48494 /* Networking */ = {
			isa = PBXGroup;
			children = (
				FB1F61C71E04841F00AFED87 /* API */,
				FBC19C2C1E047CC100E48494 /* Router */,
			);
			path = Networking;
			sourceTree = "<group>";
		};
		FBC19C171E04477D00E48494 /* Supporting */ = {
			isa = PBXGroup;
			children = (
				FB5292A41E078DA600230BAC /* GithubSearch.entitlements */,
				FBC19C181E04477D00E48494 /* AppDelegate.swift */,
				FBC19C191E04477D00E48494 /* Info.plist */,
			);
			path = Supporting;
			sourceTree = "<group>";
		};
		FBC19C1A1E04477D00E48494 /* View */ = {
			isa = PBXGroup;
			children = (
				FBC19C261E046A4600E48494 /* CustomCells */,
				FBC19C1B1E04477D00E48494 /* Storyboard */,
			);
			path = View;
			sourceTree = "<group>";
		};
		FBC19C1B1E04477D00E48494 /* Storyboard */ = {
			isa = PBXGroup;
			children = (
				FBC19C1C1E04477D00E48494 /* LaunchScreen.storyboard */,
				FBC19C1E1E04477D00E48494 /* Main.storyboard */,
			);
			path = Storyboard;
			sourceTree = "<group>";
		};
		FBC19C261E046A4600E48494 /* CustomCells */ = {
			isa = PBXGroup;
			children = (
				FB5292761E071B0A00230BAC /* FooterView */,
				FBC19C271E046A4600E48494 /* Users */,
			);
			path = CustomCells;
			sourceTree = "<group>";
		};
		FBC19C271E046A4600E48494 /* Users */ = {
			isa = PBXGroup;
			children = (
				FBC19C281E046A6F00E48494 /* UserTableViewCell.swift */,
				FBC19C2A1E046EC000E48494 /* UserTableViewCell.xib */,
			);
			path = Users;
			sourceTree = "<group>";
		};
		FBC19C2C1E047CC100E48494 /* Router */ = {
			isa = PBXGroup;
			children = (
				FBC19C2D1E047CDA00E48494 /* UserRouter.swift */,
			);
			path = Router;
			sourceTree = "<group>";
		};
/* End PBXGroup section */

/* Begin PBXNativeTarget section */
		FB5292861E07756100230BAC /* GSToday */ = {
			isa = PBXNativeTarget;
			buildConfigurationList = FB5292961E07756100230BAC /* Build configuration list for PBXNativeTarget "GSToday" */;
			buildPhases = (
				903E4CB099381CF7F67A9C85 /* [CP] Check Pods Manifest.lock */,
				FB5292831E07756100230BAC /* Sources */,
				FB5292841E07756100230BAC /* Frameworks */,
				FB5292851E07756100230BAC /* Resources */,
				D3B3BD14FAB687E4C72838E5 /* [CP] Copy Pods Resources */,
			);
			buildRules = (
			);
			dependencies = (
			);
			name = GSToday;
			productName = GSToday;
			productReference = FB5292871E07756100230BAC /* GSToday.appex */;
			productType = "com.apple.product-type.app-extension";
		};
		FBC19BE41E042A9500E48494 /* GithubSearch */ = {
			isa = PBXNativeTarget;
			buildConfigurationList = FBC19BF71E042A9500E48494 /* Build configuration list for PBXNativeTarget "GithubSearch" */;
			buildPhases = (
				CD8062E719B58145099191CB /* [CP] Check Pods Manifest.lock */,
				FBC19BE11E042A9500E48494 /* Sources */,
				FBC19BE21E042A9500E48494 /* Frameworks */,
				FBC19BE31E042A9500E48494 /* Resources */,
				0821FCCA4CEFDBB6622F448E /* [CP] Embed Pods Frameworks */,
				C86876E50CD50BBB9A895001 /* [CP] Copy Pods Resources */,
				FB5292971E07756100230BAC /* Embed App Extensions */,
			);
			buildRules = (
			);
			dependencies = (
				FB5292921E07756100230BAC /* PBXTargetDependency */,
			);
			name = GithubSearch;
			productName = GithubSearch;
			productReference = FBC19BE51E042A9500E48494 /* GithubSearch.app */;
			productType = "com.apple.product-type.application";
		};
/* End PBXNativeTarget section */

/* Begin PBXProject section */
		FBC19BDD1E042A9500E48494 /* Project object */ = {
			isa = PBXProject;
			attributes = {
				LastSwiftUpdateCheck = 0820;
				LastUpgradeCheck = 0820;
				ORGANIZATIONNAME = NativeSolutions;
				TargetAttributes = {
					FB5292861E07756100230BAC = {
						CreatedOnToolsVersion = 8.2;
						DevelopmentTeam = 5JWGM7A2T3;
						ProvisioningStyle = Automatic;
						SystemCapabilities = {
							com.apple.ApplicationGroups.iOS = {
								enabled = 1;
							};
						};
					};
					FBC19BE41E042A9500E48494 = {
						CreatedOnToolsVersion = 8.2;
						DevelopmentTeam = 5JWGM7A2T3;
						ProvisioningStyle = Automatic;
						SystemCapabilities = {
							com.apple.ApplicationGroups.iOS = {
								enabled = 1;
							};
						};
					};
				};
			};
			buildConfigurationList = FBC19BE01E042A9500E48494 /* Build configuration list for PBXProject "GithubSearch" */;
			compatibilityVersion = "Xcode 3.2";
			developmentRegion = English;
			hasScannedForEncodings = 0;
			knownRegions = (
				en,
				Base,
			);
			mainGroup = FBC19BDC1E042A9500E48494;
			productRefGroup = FBC19BE61E042A9500E48494 /* Products */;
			projectDirPath = "";
			projectRoot = "";
			targets = (
				FBC19BE41E042A9500E48494 /* GithubSearch */,
				FB5292861E07756100230BAC /* GSToday */,
			);
		};
/* End PBXProject section */

/* Begin PBXResourcesBuildPhase section */
		FB5292851E07756100230BAC /* Resources */ = {
			isa = PBXResourcesBuildPhase;
			buildActionMask = 2147483647;
			files = (
				FB52928F1E07756100230BAC /* MainInterface.storyboard in Resources */,
			);
			runOnlyForDeploymentPostprocessing = 0;
		};
		FBC19BE31E042A9500E48494 /* Resources */ = {
			isa = PBXResourcesBuildPhase;
			buildActionMask = 2147483647;
			files = (
				FBC19C2B1E046EC000E48494 /* UserTableViewCell.xib in Resources */,
				FBC19C241E04477D00E48494 /* LaunchScreen.storyboard in Resources */,
				FBC19C201E04477D00E48494 /* Assets.xcassets in Resources */,
				FBC19C251E04477D00E48494 /* Main.storyboard in Resources */,
				FB52927A1E072F4D00230BAC /* UsersFooterView.xib in Resources */,
			);
			runOnlyForDeploymentPostprocessing = 0;
		};
/* End PBXResourcesBuildPhase section */

/* Begin PBXShellScriptBuildPhase section */
		0821FCCA4CEFDBB6622F448E /* [CP] Embed Pods Frameworks */ = {
			isa = PBXShellScriptBuildPhase;
			buildActionMask = 2147483647;
			files = (
			);
			inputPaths = (
			);
			name = "[CP] Embed Pods Frameworks";
			outputPaths = (
			);
			runOnlyForDeploymentPostprocessing = 0;
			shellPath = /bin/sh;
			shellScript = "\"${SRCROOT}/Pods/Target Support Files/Pods-GithubSearch/Pods-GithubSearch-frameworks.sh\"\n";
			showEnvVarsInLog = 0;
		};
		903E4CB099381CF7F67A9C85 /* [CP] Check Pods Manifest.lock */ = {
			isa = PBXShellScriptBuildPhase;
			buildActionMask = 2147483647;
			files = (
			);
			inputPaths = (
			);
			name = "[CP] Check Pods Manifest.lock";
			outputPaths = (
			);
			runOnlyForDeploymentPostprocessing = 0;
			shellPath = /bin/sh;
			shellScript = "diff \"${PODS_ROOT}/../Podfile.lock\" \"${PODS_ROOT}/Manifest.lock\" > /dev/null\nif [ $? != 0 ] ; then\n    # print error to STDERR\n    echo \"error: The sandbox is not in sync with the Podfile.lock. Run 'pod install' or update your CocoaPods installation.\" >&2\n    exit 1\nfi\n";
			showEnvVarsInLog = 0;
		};
		C86876E50CD50BBB9A895001 /* [CP] Copy Pods Resources */ = {
			isa = PBXShellScriptBuildPhase;
			buildActionMask = 2147483647;
			files = (
			);
			inputPaths = (
			);
			name = "[CP] Copy Pods Resources";
			outputPaths = (
			);
			runOnlyForDeploymentPostprocessing = 0;
			shellPath = /bin/sh;
			shellScript = "\"${SRCROOT}/Pods/Target Support Files/Pods-GithubSearch/Pods-GithubSearch-resources.sh\"\n";
			showEnvVarsInLog = 0;
		};
		CD8062E719B58145099191CB /* [CP] Check Pods Manifest.lock */ = {
			isa = PBXShellScriptBuildPhase;
			buildActionMask = 2147483647;
			files = (
			);
			inputPaths = (
			);
			name = "[CP] Check Pods Manifest.lock";
			outputPaths = (
			);
			runOnlyForDeploymentPostprocessing = 0;
			shellPath = /bin/sh;
			shellScript = "diff \"${PODS_ROOT}/../Podfile.lock\" \"${PODS_ROOT}/Manifest.lock\" > /dev/null\nif [ $? != 0 ] ; then\n    # print error to STDERR\n    echo \"error: The sandbox is not in sync with the Podfile.lock. Run 'pod install' or update your CocoaPods installation.\" >&2\n    exit 1\nfi\n";
			showEnvVarsInLog = 0;
		};
		D3B3BD14FAB687E4C72838E5 /* [CP] Copy Pods Resources */ = {
			isa = PBXShellScriptBuildPhase;
			buildActionMask = 2147483647;
			files = (
			);
			inputPaths = (
			);
			name = "[CP] Copy Pods Resources";
			outputPaths = (
			);
			runOnlyForDeploymentPostprocessing = 0;
			shellPath = /bin/sh;
			shellScript = "\"${SRCROOT}/Pods/Target Support Files/Pods-GSToday/Pods-GSToday-resources.sh\"\n";
			showEnvVarsInLog = 0;
		};
/* End PBXShellScriptBuildPhase section */

/* Begin PBXSourcesBuildPhase section */
		FB5292831E07756100230BAC /* Sources */ = {
			isa = PBXSourcesBuildPhase;
			buildActionMask = 2147483647;
			files = (
				FB52928C1E07756100230BAC /* TodayViewController.swift in Sources */,
				FB5292A01E07843900230BAC /* GlobalConstants.swift in Sources */,
				FB52929F1E07841000230BAC /* DataManager.swift in Sources */,
				FB5292A11E0788DE00230BAC /* UIImageExtension.swift in Sources */,
			);
			runOnlyForDeploymentPostprocessing = 0;
		};
		FBC19BE11E042A9500E48494 /* Sources */ = {
			isa = PBXSourcesBuildPhase;
			buildActionMask = 2147483647;
			files = (
				FB1F61CD1E04C60200AFED87 /* GitHubBasicUser.swift in Sources */,
				FB52929E1E077FAB00230BAC /* DataManager.swift in Sources */,
				FB52927E1E074F3F00230BAC /* GitHubDetailedUser.swift in Sources */,
				FB5292701E06FDCB00230BAC /* GlobalConstants.swift in Sources */,
				FB52927C1E07353800230BAC /* UIViewExtension.swift in Sources */,
				FB5292781E072EE900230BAC /* UsersFooterView.swift in Sources */,
				FBC19C221E04477D00E48494 /* AppDelegate.swift in Sources */,
				FB1F61C91E04842E00AFED87 /* UserApi.swift in Sources */,
				FBC19C291E046A6F00E48494 /* UserTableViewCell.swift in Sources */,
				FB5292801E07587000230BAC /* UserDetailsViewController.swift in Sources */,
				FB1F61CB1E04A2B300AFED87 /* FetchedUsers.swift in Sources */,
				FBC19C211E04477D00E48494 /* UsersTableViewController.swift in Sources */,
				FBC19C2E1E047CDA00E48494 /* UserRouter.swift in Sources */,
				FB5292A31E078B1B00230BAC /* CollectionExtension.swift in Sources */,
				FB5292821E076E9E00230BAC /* UIAlertControllerExtension.swift in Sources */,
				FB1F61E41E058CDA00AFED87 /* UIImageExtension.swift in Sources */,
			);
			runOnlyForDeploymentPostprocessing = 0;
		};
/* End PBXSourcesBuildPhase section */

/* Begin PBXTargetDependency section */
		FB5292921E07756100230BAC /* PBXTargetDependency */ = {
			isa = PBXTargetDependency;
			target = FB5292861E07756100230BAC /* GSToday */;
			targetProxy = FB5292911E07756100230BAC /* PBXContainerItemProxy */;
		};
/* End PBXTargetDependency section */

/* Begin PBXVariantGroup section */
		FB52928D1E07756100230BAC /* MainInterface.storyboard */ = {
			isa = PBXVariantGroup;
			children = (
				FB52928E1E07756100230BAC /* Base */,
			);
			name = MainInterface.storyboard;
			sourceTree = "<group>";
		};
		FBC19C1C1E04477D00E48494 /* LaunchScreen.storyboard */ = {
			isa = PBXVariantGroup;
			children = (
				FBC19C1D1E04477D00E48494 /* Base */,
			);
			name = LaunchScreen.storyboard;
			sourceTree = "<group>";
		};
		FBC19C1E1E04477D00E48494 /* Main.storyboard */ = {
			isa = PBXVariantGroup;
			children = (
				FBC19C1F1E04477D00E48494 /* Base */,
			);
			name = Main.storyboard;
			sourceTree = "<group>";
		};
/* End PBXVariantGroup section */

/* Begin XCBuildConfiguration section */
		FB5292941E07756100230BAC /* Debug */ = {
			isa = XCBuildConfiguration;
			baseConfigurationReference = 0D50C55F565225A0EFD155E8 /* Pods-GSToday.debug.xcconfig */;
			buildSettings = {
				CODE_SIGN_ENTITLEMENTS = GSToday/GSToday.entitlements;
				DEVELOPMENT_TEAM = 5JWGM7A2T3;
				INFOPLIST_FILE = GSToday/Info.plist;
				IPHONEOS_DEPLOYMENT_TARGET = 10.2;
				LD_RUNPATH_SEARCH_PATHS = "$(inherited) @executable_path/Frameworks @executable_path/../../Frameworks";
				PRODUCT_BUNDLE_IDENTIFIER = io.nativesolutions.GithubSearch.GSToday;
				PRODUCT_NAME = "$(TARGET_NAME)";
				SKIP_INSTALL = YES;
				SWIFT_VERSION = 3.0;
			};
			name = Debug;
		};
		FB5292951E07756100230BAC /* Release */ = {
			isa = XCBuildConfiguration;
			baseConfigurationReference = 023932B48D5FAC6AAA6921FA /* Pods-GSToday.release.xcconfig */;
			buildSettings = {
				CODE_SIGN_ENTITLEMENTS = GSToday/GSToday.entitlements;
				DEVELOPMENT_TEAM = 5JWGM7A2T3;
				INFOPLIST_FILE = GSToday/Info.plist;
				IPHONEOS_DEPLOYMENT_TARGET = 10.2;
				LD_RUNPATH_SEARCH_PATHS = "$(inherited) @executable_path/Frameworks @executable_path/../../Frameworks";
				PRODUCT_BUNDLE_IDENTIFIER = io.nativesolutions.GithubSearch.GSToday;
				PRODUCT_NAME = "$(TARGET_NAME)";
				SKIP_INSTALL = YES;
				SWIFT_VERSION = 3.0;
			};
			name = Release;
		};
		FBC19BF51E042A9500E48494 /* Debug */ = {
			isa = XCBuildConfiguration;
			buildSettings = {
				ALWAYS_SEARCH_USER_PATHS = NO;
				CLANG_ANALYZER_NONNULL = YES;
				CLANG_CXX_LANGUAGE_STANDARD = "gnu++0x";
				CLANG_CXX_LIBRARY = "libc++";
				CLANG_ENABLE_MODULES = YES;
				CLANG_ENABLE_OBJC_ARC = YES;
				CLANG_WARN_BOOL_CONVERSION = YES;
				CLANG_WARN_CONSTANT_CONVERSION = YES;
				CLANG_WARN_DIRECT_OBJC_ISA_USAGE = YES_ERROR;
				CLANG_WARN_DOCUMENTATION_COMMENTS = YES;
				CLANG_WARN_EMPTY_BODY = YES;
				CLANG_WARN_ENUM_CONVERSION = YES;
				CLANG_WARN_INFINITE_RECURSION = YES;
				CLANG_WARN_INT_CONVERSION = YES;
				CLANG_WARN_OBJC_ROOT_CLASS = YES_ERROR;
				CLANG_WARN_SUSPICIOUS_MOVE = YES;
				CLANG_WARN_UNREACHABLE_CODE = YES;
				CLANG_WARN__DUPLICATE_METHOD_MATCH = YES;
				"CODE_SIGN_IDENTITY[sdk=iphoneos*]" = "iPhone Developer";
				COPY_PHASE_STRIP = NO;
				DEBUG_INFORMATION_FORMAT = dwarf;
				ENABLE_STRICT_OBJC_MSGSEND = YES;
				ENABLE_TESTABILITY = YES;
				GCC_C_LANGUAGE_STANDARD = gnu99;
				GCC_DYNAMIC_NO_PIC = NO;
				GCC_NO_COMMON_BLOCKS = YES;
				GCC_OPTIMIZATION_LEVEL = 0;
				GCC_PREPROCESSOR_DEFINITIONS = (
					"DEBUG=1",
					"$(inherited)",
				);
				GCC_WARN_64_TO_32_BIT_CONVERSION = YES;
				GCC_WARN_ABOUT_RETURN_TYPE = YES_ERROR;
				GCC_WARN_UNDECLARED_SELECTOR = YES;
				GCC_WARN_UNINITIALIZED_AUTOS = YES_AGGRESSIVE;
				GCC_WARN_UNUSED_FUNCTION = YES;
				GCC_WARN_UNUSED_VARIABLE = YES;
				IPHONEOS_DEPLOYMENT_TARGET = 8.0;
				MTL_ENABLE_DEBUG_INFO = YES;
				ONLY_ACTIVE_ARCH = YES;
				SDKROOT = iphoneos;
				SWIFT_ACTIVE_COMPILATION_CONDITIONS = DEBUG;
				SWIFT_OPTIMIZATION_LEVEL = "-Onone";
			};
			name = Debug;
		};
		FBC19BF61E042A9500E48494 /* Release */ = {
			isa = XCBuildConfiguration;
			buildSettings = {
				ALWAYS_SEARCH_USER_PATHS = NO;
				CLANG_ANALYZER_NONNULL = YES;
				CLANG_CXX_LANGUAGE_STANDARD = "gnu++0x";
				CLANG_CXX_LIBRARY = "libc++";
				CLANG_ENABLE_MODULES = YES;
				CLANG_ENABLE_OBJC_ARC = YES;
				CLANG_WARN_BOOL_CONVERSION = YES;
				CLANG_WARN_CONSTANT_CONVERSION = YES;
				CLANG_WARN_DIRECT_OBJC_ISA_USAGE = YES_ERROR;
				CLANG_WARN_DOCUMENTATION_COMMENTS = YES;
				CLANG_WARN_EMPTY_BODY = YES;
				CLANG_WARN_ENUM_CONVERSION = YES;
				CLANG_WARN_INFINITE_RECURSION = YES;
				CLANG_WARN_INT_CONVERSION = YES;
				CLANG_WARN_OBJC_ROOT_CLASS = YES_ERROR;
				CLANG_WARN_SUSPICIOUS_MOVE = YES;
				CLANG_WARN_UNREACHABLE_CODE = YES;
				CLANG_WARN__DUPLICATE_METHOD_MATCH = YES;
				"CODE_SIGN_IDENTITY[sdk=iphoneos*]" = "iPhone Developer";
				COPY_PHASE_STRIP = NO;
				DEBUG_INFORMATION_FORMAT = "dwarf-with-dsym";
				ENABLE_NS_ASSERTIONS = NO;
				ENABLE_STRICT_OBJC_MSGSEND = YES;
				GCC_C_LANGUAGE_STANDARD = gnu99;
				GCC_NO_COMMON_BLOCKS = YES;
				GCC_WARN_64_TO_32_BIT_CONVERSION = YES;
				GCC_WARN_ABOUT_RETURN_TYPE = YES_ERROR;
				GCC_WARN_UNDECLARED_SELECTOR = YES;
				GCC_WARN_UNINITIALIZED_AUTOS = YES_AGGRESSIVE;
				GCC_WARN_UNUSED_FUNCTION = YES;
				GCC_WARN_UNUSED_VARIABLE = YES;
				IPHONEOS_DEPLOYMENT_TARGET = 8.0;
				MTL_ENABLE_DEBUG_INFO = NO;
				SDKROOT = iphoneos;
				SWIFT_OPTIMIZATION_LEVEL = "-Owholemodule";
				VALIDATE_PRODUCT = YES;
			};
			name = Release;
		};
		FBC19BF81E042A9500E48494 /* Debug */ = {
			isa = XCBuildConfiguration;
			baseConfigurationReference = 94AF53E3D7830256FD3CC93E /* Pods-GithubSearch.debug.xcconfig */;
			buildSettings = {
				ALWAYS_EMBED_SWIFT_STANDARD_LIBRARIES = YES;
				ASSETCATALOG_COMPILER_APPICON_NAME = AppIcon;
				CODE_SIGN_ENTITLEMENTS = GithubSearch/GithubSearch.entitlements;
				DEVELOPMENT_TEAM = 5JWGM7A2T3;
				INFOPLIST_FILE = "$(SRCROOT)/GithubSearch/Supporting/Info.plist";
				IPHONEOS_DEPLOYMENT_TARGET = 8.0;
				LD_RUNPATH_SEARCH_PATHS = "$(inherited) @executable_path/Frameworks";
				PRODUCT_BUNDLE_IDENTIFIER = io.nativesolutions.GithubSearch;
				PRODUCT_NAME = "$(TARGET_NAME)";
				SWIFT_VERSION = 3.0;
				TARGETED_DEVICE_FAMILY = "1,2";
			};
			name = Debug;
		};
		FBC19BF91E042A9500E48494 /* Release */ = {
			isa = XCBuildConfiguration;
			baseConfigurationReference = 5D2784B77744FEACB291F8F9 /* Pods-GithubSearch.release.xcconfig */;
			buildSettings = {
				ALWAYS_EMBED_SWIFT_STANDARD_LIBRARIES = YES;
				ASSETCATALOG_COMPILER_APPICON_NAME = AppIcon;
				CODE_SIGN_ENTITLEMENTS = GithubSearch/GithubSearch.entitlements;
				DEVELOPMENT_TEAM = 5JWGM7A2T3;
				INFOPLIST_FILE = "$(SRCROOT)/GithubSearch/Supporting/Info.plist";
				IPHONEOS_DEPLOYMENT_TARGET = 8.0;
				LD_RUNPATH_SEARCH_PATHS = "$(inherited) @executable_path/Frameworks";
				PRODUCT_BUNDLE_IDENTIFIER = io.nativesolutions.GithubSearch;
				PRODUCT_NAME = "$(TARGET_NAME)";
				SWIFT_VERSION = 3.0;
				TARGETED_DEVICE_FAMILY = "1,2";
			};
			name = Release;
		};
/* End XCBuildConfiguration section */

/* Begin XCConfigurationList section */
		FB5292961E07756100230BAC /* Build configuration list for PBXNativeTarget "GSToday" */ = {
			isa = XCConfigurationList;
			buildConfigurations = (
				FB5292941E07756100230BAC /* Debug */,
				FB5292951E07756100230BAC /* Release */,
			);
			defaultConfigurationIsVisible = 0;
			defaultConfigurationName = Release;
		};
		FBC19BE01E042A9500E48494 /* Build configuration list for PBXProject "GithubSearch" */ = {
			isa = XCConfigurationList;
			buildConfigurations = (
				FBC19BF51E042A9500E48494 /* Debug */,
				FBC19BF61E042A9500E48494 /* Release */,
			);
			defaultConfigurationIsVisible = 0;
			defaultConfigurationName = Release;
		};
		FBC19BF71E042A9500E48494 /* Build configuration list for PBXNativeTarget "GithubSearch" */ = {
			isa = XCConfigurationList;
			buildConfigurations = (
				FBC19BF81E042A9500E48494 /* Debug */,
				FBC19BF91E042A9500E48494 /* Release */,
			);
			defaultConfigurationIsVisible = 0;
			defaultConfigurationName = Release;
		};
/* End XCConfigurationList section */
	};
	rootObject = FBC19BDD1E042A9500E48494 /* Project object */;
}
